
Microsoft Visual Studio Solution File, Format Version 12.00
# Visual Studio 14
VisualStudioVersion = 14.0.24720.0
MinimumVisualStudioVersion = 10.0.40219.1
Project("{FAE04EC0-301F-11D3-BF4B-00C04F79EFBC}") = "PeerConnectionClient_UsingORTCNuGet.Win10", "PeerConnectionClient_UsingORTCNuGet.Win10\PeerConnectionClient_UsingORTCNuGet.Win10.csproj", "{DD404AAE-4087-44B3-BC87-2674C120C138}"
EndProject
Project("{D954291E-2A0B-460D-934E-DC6B0785DB48}") = "PeerConnectionClient.Win10.Shared", "PeerConnectionClient.Win10.Shared\PeerConnectionClient.Win10.Shared.shproj", "{FF0709AF-6AE2-4BE0-8B60-66220431331A}"
EndProject
Global
	GlobalSection(SharedMSBuildProjectFiles) = preSolution
		PeerConnectionClient.Win10.Shared\PeerConnectionClient.Win10.Shared.projitems*{dd404aae-4087-44b3-bc87-2674c120c138}*SharedItemsImports = 4
		PeerConnectionClient.Win10.Shared\PeerConnectionClient.Win10.Shared.projitems*{ff0709af-6ae2-4be0-8b60-66220431331a}*SharedItemsImports = 13
	EndGlobalSection
	GlobalSection(SolutionConfigurationPlatforms) = preSolution
		Debug|Any CPU = Debug|Any CPU
		Debug|ARM = Debug|ARM
		Debug|x64 = Debug|x64
		Debug|x86 = Debug|x86
		Release|Any CPU = Release|Any CPU
		Release|ARM = Release|ARM
		Release|x64 = Release|x64
		Release|x86 = Release|x86
	EndGlobalSection
	GlobalSection(ProjectConfigurationPlatforms) = postSolution
		{DD404AAE-4087-44B3-BC87-2674C120C138}.Debug|Any CPU.ActiveCfg = Debug|x86
		{DD404AAE-4087-44B3-BC87-2674C120C138}.Debug|Any CPU.Build.0 = Debug|x86
		{DD404AAE-4087-44B3-BC87-2674C120C138}.Debug|Any CPU.Deploy.0 = Debug|x86
		{DD404AAE-4087-44B3-BC87-2674C120C138}.Debug|ARM.ActiveCfg = Debug|ARM
		{DD404AAE-4087-44B3-BC87-2674C120C138}.Debug|ARM.Build.0 = Debug|ARM
		{DD404AAE-4087-44B3-BC87-2674C120C138}.Debug|ARM.Deploy.0 = Debug|ARM
		{DD404AAE-4087-44B3-BC87-2674C120C138}.Debug|x64.ActiveCfg = Debug|x64
		{DD404AAE-4087-44B3-BC87-2674C120C138}.Debug|x64.Build.0 = Debug|x64
		{DD404AAE-4087-44B3-BC87-2674C120C138}.Debug|x64.Deploy.0 = Debug|x64
		{DD404AAE-4087-44B3-BC87-2674C120C138}.Debug|x86.ActiveCfg = Debug|x86
		{DD404AAE-4087-44B3-BC87-2674C120C138}.Debug|x86.Build.0 = Debug|x86
		{DD404AAE-4087-44B3-BC87-2674C120C138}.Debug|x86.Deploy.0 = Debug|x86
		{DD404AAE-4087-44B3-BC87-2674C120C138}.Release|Any CPU.ActiveCfg = Release|x86
		{DD404AAE-4087-44B3-BC87-2674C120C138}.Release|Any CPU.Build.0 = Release|x86
		{DD404AAE-4087-44B3-BC87-2674C120C138}.Release|Any CPU.Deploy.0 = Release|x86
		{DD404AAE-4087-44B3-BC87-2674C120C138}.Release|ARM.ActiveCfg = Release|ARM
		{DD404AAE-4087-44B3-BC87-2674C120C138}.Release|ARM.Build.0 = Release|ARM
		{DD404AAE-4087-44B3-BC87-2674C120C138}.Release|ARM.Deploy.0 = Release|ARM
		{DD404AAE-4087-44B3-BC87-2674C120C138}.Release|x64.ActiveCfg = Release|x64
		{DD404AAE-4087-44B3-BC87-2674C120C138}.Release|x64.Build.0 = Release|x64
		{DD404AAE-4087-44B3-BC87-2674C120C138}.Release|x64.Deploy.0 = Release|x64
		{DD404AAE-4087-44B3-BC87-2674C120C138}.Release|x86.ActiveCfg = Release|x86
		{DD404AAE-4087-44B3-BC87-2674C120C138}.Release|x86.Build.0 = Release|x86
		{DD404AAE-4087-44B3-BC87-2674C120C138}.Release|x86.Deploy.0 = Release|x86
	EndGlobalSection
	GlobalSection(SolutionProperties) = preSolution
		HideSolutionNode = FALSE
	EndGlobalSection
EndGlobal
