
Microsoft Visual Studio Solution File, Format Version 12.00
# Visual Studio 14
VisualStudioVersion = 14.0.24720.0
MinimumVisualStudioVersion = 10.0.40219.1
Project("{FAE04EC0-301F-11D3-BF4B-00C04F79EFBC}") = "PeerConnectionClient_UsingWebRTCNuget.Win10", "PeerConnectionClient_UsingWebRTCNuget.Win10\PeerConnectionClient_UsingWebRTCNuget.Win10.csproj", "{C33D6A0D-B27A-4723-A98D-E4708CBAB023}"
EndProject
Project("{D954291E-2A0B-460D-934E-DC6B0785DB48}") = "PeerConnectionClient.Win10.Shared", "PeerConnectionClient.Win10.Shared\PeerConnectionClient.Win10.Shared.shproj", "{FF0709AF-6AE2-4BE0-8B60-66220431331A}"
EndProject
Global
	GlobalSection(SharedMSBuildProjectFiles) = preSolution
		PeerConnectionClient.Win10.Shared\PeerConnectionClient.Win10.Shared.projitems*{c33d6a0d-b27a-4723-a98d-e4708cbab023}*SharedItemsImports = 4
		PeerConnectionClient.Win10.Shared\PeerConnectionClient.Win10.Shared.projitems*{ff0709af-6ae2-4be0-8b60-66220431331a}*SharedItemsImports = 13
	EndGlobalSection
	GlobalSection(SolutionConfigurationPlatforms) = preSolution
		Debug|ARM = Debug|ARM
		Debug|x64 = Debug|x64
		Debug|x86 = Debug|x86
		Release|ARM = Release|ARM
		Release|x64 = Release|x64
		Release|x86 = Release|x86
	EndGlobalSection
	GlobalSection(ProjectConfigurationPlatforms) = postSolution
		{C33D6A0D-B27A-4723-A98D-E4708CBAB023}.Debug|ARM.ActiveCfg = Debug|ARM
		{C33D6A0D-B27A-4723-A98D-E4708CBAB023}.Debug|ARM.Build.0 = Debug|ARM
		{C33D6A0D-B27A-4723-A98D-E4708CBAB023}.Debug|ARM.Deploy.0 = Debug|ARM
		{C33D6A0D-B27A-4723-A98D-E4708CBAB023}.Debug|x64.ActiveCfg = Debug|x64
		{C33D6A0D-B27A-4723-A98D-E4708CBAB023}.Debug|x64.Build.0 = Debug|x64
		{C33D6A0D-B27A-4723-A98D-E4708CBAB023}.Debug|x64.Deploy.0 = Debug|x64
		{C33D6A0D-B27A-4723-A98D-E4708CBAB023}.Debug|x86.ActiveCfg = Debug|x86
		{C33D6A0D-B27A-4723-A98D-E4708CBAB023}.Debug|x86.Build.0 = Debug|x86
		{C33D6A0D-B27A-4723-A98D-E4708CBAB023}.Debug|x86.Deploy.0 = Debug|x86
		{C33D6A0D-B27A-4723-A98D-E4708CBAB023}.Release|ARM.ActiveCfg = Release|ARM
		{C33D6A0D-B27A-4723-A98D-E4708CBAB023}.Release|ARM.Build.0 = Release|ARM
		{C33D6A0D-B27A-4723-A98D-E4708CBAB023}.Release|ARM.Deploy.0 = Release|ARM
		{C33D6A0D-B27A-4723-A98D-E4708CBAB023}.Release|x64.ActiveCfg = Release|x64
		{C33D6A0D-B27A-4723-A98D-E4708CBAB023}.Release|x64.Build.0 = Release|x64
		{C33D6A0D-B27A-4723-A98D-E4708CBAB023}.Release|x64.Deploy.0 = Release|x64
		{C33D6A0D-B27A-4723-A98D-E4708CBAB023}.Release|x86.ActiveCfg = Release|x86
		{C33D6A0D-B27A-4723-A98D-E4708CBAB023}.Release|x86.Build.0 = Release|x86
		{C33D6A0D-B27A-4723-A98D-E4708CBAB023}.Release|x86.Deploy.0 = Release|x86
	EndGlobalSection
	GlobalSection(SolutionProperties) = preSolution
		HideSolutionNode = FALSE
	EndGlobalSection
EndGlobal
